
Microsoft Visual Studio Solution File, Format Version 12.00
# Visual Studio Version 17
VisualStudioVersion = 17.5.33530.505
MinimumVisualStudioVersion = 10.0.40219.1
Project("{FAE04EC0-301F-11D3-BF4B-00C04F79EFBC}") = "StarDentApi", "StarDentApi\StarDentApi.csproj", "{C3F0B430-900B-4D60-B350-6A7FD57EDBEC}"
EndProject
Global
	GlobalSection(SolutionConfigurationPlatforms) = preSolution
		Debug|Any CPU = Debug|Any CPU
		Release|Any CPU = Release|Any CPU
	EndGlobalSection
	GlobalSection(ProjectConfigurationPlatforms) = postSolution
		{C3F0B430-900B-4D60-B350-6A7FD57EDBEC}.Debug|Any CPU.ActiveCfg = Debug|Any CPU
		{C3F0B430-900B-4D60-B350-6A7FD57EDBEC}.Debug|Any CPU.Build.0 = Debug|Any CPU
		{C3F0B430-900B-4D60-B350-6A7FD57EDBEC}.Release|Any CPU.ActiveCfg = Release|Any CPU
		{C3F0B430-900B-4D60-B350-6A7FD57EDBEC}.Release|Any CPU.Build.0 = Release|Any CPU
	EndGlobalSection
	GlobalSection(SolutionProperties) = preSolution
		HideSolutionNode = FALSE
	EndGlobalSection
	GlobalSection(ExtensibilityGlobals) = postSolution
		SolutionGuid = {A1CA5433-5E7B-4D3D-8D4C-8B0F41E24B8F}
	EndGlobalSection
EndGlobal
